
Microsoft Visual Studio Solution File, Format Version 12.00
# Visual Studio Version 17
VisualStudioVersion = 17.9.34902.65
MinimumVisualStudioVersion = 10.0.40219.1
Project("{9A19103F-16F7-4668-BE54-9A1E7A4F7556}") = "VSSettingsImportTool", "VSSettingsImportTool.csproj", "{03B7EF04-DDA4-4C1D-8A33-B6E4C8C337C0}"
EndProject
Global
	GlobalSection(SolutionConfigurationPlatforms) = preSolution
		Debug|Any CPU = Debug|Any CPU
		Release|Any CPU = Release|Any CPU
	EndGlobalSection
	GlobalSection(ProjectConfigurationPlatforms) = postSolution
		{03B7EF04-DDA4-4C1D-8A33-B6E4C8C337C0}.Debug|Any CPU.ActiveCfg = Debug|Any CPU
		{03B7EF04-DDA4-4C1D-8A33-B6E4C8C337C0}.Debug|Any CPU.Build.0 = Debug|Any CPU
		{03B7EF04-DDA4-4C1D-8A33-B6E4C8C337C0}.Release|Any CPU.ActiveCfg = Release|Any CPU
		{03B7EF04-DDA4-4C1D-8A33-B6E4C8C337C0}.Release|Any CPU.Build.0 = Release|Any CPU
	EndGlobalSection
	GlobalSection(SolutionProperties) = preSolution
		HideSolutionNode = FALSE
	EndGlobalSection
	GlobalSection(ExtensibilityGlobals) = postSolution
		SolutionGuid = {8392D6BF-50F2-43B4-A6BD-FBF67B66A69D}
	EndGlobalSection
EndGlobal
